
Microsoft Visual Studio Solution File, Format Version 12.00
# Visual Studio Version 17
VisualStudioVersion = 17.8.34525.116
MinimumVisualStudioVersion = 10.0.40219.1
Project("{FAE04EC0-301F-11D3-BF4B-00C04F79EFBC}") = "GL_Xinema", "GL_Xinema\GL_Xinema.csproj", "{487201E6-3E39-4DD0-BE8D-C4389E8F2FF8}"
EndProject
Global
	GlobalSection(SolutionConfigurationPlatforms) = preSolution
		Debug|Any CPU = Debug|Any CPU
		Release|Any CPU = Release|Any CPU
	EndGlobalSection
	GlobalSection(ProjectConfigurationPlatforms) = postSolution
		{487201E6-3E39-4DD0-BE8D-C4389E8F2FF8}.Debug|Any CPU.ActiveCfg = Debug|Any CPU
		{487201E6-3E39-4DD0-BE8D-C4389E8F2FF8}.Debug|Any CPU.Build.0 = Debug|Any CPU
		{487201E6-3E39-4DD0-BE8D-C4389E8F2FF8}.Release|Any CPU.ActiveCfg = Release|Any CPU
		{487201E6-3E39-4DD0-BE8D-C4389E8F2FF8}.Release|Any CPU.Build.0 = Release|Any CPU
	EndGlobalSection
	GlobalSection(SolutionProperties) = preSolution
		HideSolutionNode = FALSE
	EndGlobalSection
	GlobalSection(ExtensibilityGlobals) = postSolution
		SolutionGuid = {CF2558B5-D5A7-4B9A-93CD-3B367CFA5F0E}
	EndGlobalSection
EndGlobal
